
Microsoft Visual Studio Solution File, Format Version 12.00
# Visual Studio Version 17
VisualStudioVersion = 17.12.35527.113 d17.12
MinimumVisualStudioVersion = 10.0.40219.1
Project("{FAE04EC0-301F-11D3-BF4B-00C04F79EFBC}") = "GymManagementPL", "GymManagementPL\GymManagementPL.csproj", "{6B68023C-4314-47C9-B389-87C578B5F27A}"
EndProject
Project("{FAE04EC0-301F-11D3-BF4B-00C04F79EFBC}") = "GymManagementDAL", "GymManagementDAL\GymManagementDAL.csproj", "{257A76B7-217F-4B9E-837B-06785B991EA8}"
EndProject
Project("{FAE04EC0-301F-11D3-BF4B-00C04F79EFBC}") = "GymManagementBLL", "GymManagementBLL\GymManagementBLL.csproj", "{BE00F7BE-D887-4576-86BF-99B2B5CCD05F}"
EndProject
Global
	GlobalSection(SolutionConfigurationPlatforms) = preSolution
		Debug|Any CPU = Debug|Any CPU
		Release|Any CPU = Release|Any CPU
	EndGlobalSection
	GlobalSection(ProjectConfigurationPlatforms) = postSolution
		{6B68023C-4314-47C9-B389-87C578B5F27A}.Debug|Any CPU.ActiveCfg = Debug|Any CPU
		{6B68023C-4314-47C9-B389-87C578B5F27A}.Debug|Any CPU.Build.0 = Debug|Any CPU
		{6B68023C-4314-47C9-B389-87C578B5F27A}.Release|Any CPU.ActiveCfg = Release|Any CPU
		{6B68023C-4314-47C9-B389-87C578B5F27A}.Release|Any CPU.Build.0 = Release|Any CPU
		{257A76B7-217F-4B9E-837B-06785B991EA8}.Debug|Any CPU.ActiveCfg = Debug|Any CPU
		{257A76B7-217F-4B9E-837B-06785B991EA8}.Debug|Any CPU.Build.0 = Debug|Any CPU
		{257A76B7-217F-4B9E-837B-06785B991EA8}.Release|Any CPU.ActiveCfg = Release|Any CPU
		{257A76B7-217F-4B9E-837B-06785B991EA8}.Release|Any CPU.Build.0 = Release|Any CPU
		{BE00F7BE-D887-4576-86BF-99B2B5CCD05F}.Debug|Any CPU.ActiveCfg = Debug|Any CPU
		{BE00F7BE-D887-4576-86BF-99B2B5CCD05F}.Debug|Any CPU.Build.0 = Debug|Any CPU
		{BE00F7BE-D887-4576-86BF-99B2B5CCD05F}.Release|Any CPU.ActiveCfg = Release|Any CPU
		{BE00F7BE-D887-4576-86BF-99B2B5CCD05F}.Release|Any CPU.Build.0 = Release|Any CPU
	EndGlobalSection
	GlobalSection(SolutionProperties) = preSolution
		HideSolutionNode = FALSE
	EndGlobalSection
EndGlobal
